// !$*UTF8*$!
{
	archiveVersion = 1;
	classes = {
	};
	objectVersion = 50;
	objects = {

/* Begin PBXBuildFile section */
		8D0946C62540507D003CA55A /* AddLocationViewController.swift in Sources */ = {isa = PBXBuildFile; fileRef = 8D0946C52540507D003CA55A /* AddLocationViewController.swift */; };
		8D0EC659253EE8E900D097E8 /* LoginRequest.swift in Sources */ = {isa = PBXBuildFile; fileRef = 8D0EC658253EE8E900D097E8 /* LoginRequest.swift */; };
		8D0EC65B253EEDBD00D097E8 /* LoginResponse.swift in Sources */ = {isa = PBXBuildFile; fileRef = 8D0EC65A253EEDBD00D097E8 /* LoginResponse.swift */; };
		8D0EC65D253EF35C00D097E8 /* UdacityAPIHandler.swift in Sources */ = {isa = PBXBuildFile; fileRef = 8D0EC65C253EF35C00D097E8 /* UdacityAPIHandler.swift */; };
		8D0EC65F253EFC6F00D097E8 /* UdacityResponse.swift in Sources */ = {isa = PBXBuildFile; fileRef = 8D0EC65E253EFC6F00D097E8 /* UdacityResponse.swift */; };
		8D0EC661253F1A3600D097E8 /* MapViewController.swift in Sources */ = {isa = PBXBuildFile; fileRef = 8D0EC660253F1A3600D097E8 /* MapViewController.swift */; };
		8D0EC663253F1A4D00D097E8 /* TableViewController.swift in Sources */ = {isa = PBXBuildFile; fileRef = 8D0EC662253F1A4D00D097E8 /* TableViewController.swift */; };
		8D0EC665253F265400D097E8 /* ParseAPIHandler.swift in Sources */ = {isa = PBXBuildFile; fileRef = 8D0EC664253F265400D097E8 /* ParseAPIHandler.swift */; };
		8D0EC667253F298000D097E8 /* StudentInformation.swift in Sources */ = {isa = PBXBuildFile; fileRef = 8D0EC666253F298000D097E8 /* StudentInformation.swift */; };
		8D3A565A253F794500485689 /* TabBarViewController.swift in Sources */ = {isa = PBXBuildFile; fileRef = 8D3A5659253F794500485689 /* TabBarViewController.swift */; };
		8D8F5EB6253DAC100026B3F6 /* AppDelegate.swift in Sources */ = {isa = PBXBuildFile; fileRef = 8D8F5EB5253DAC100026B3F6 /* AppDelegate.swift */; };
		8D8F5EB8253DAC100026B3F6 /* LoginViewController.swift in Sources */ = {isa = PBXBuildFile; fileRef = 8D8F5EB7253DAC100026B3F6 /* LoginViewController.swift */; };
		8D8F5EBB253DAC100026B3F6 /* Main.storyboard in Resources */ = {isa = PBXBuildFile; fileRef = 8D8F5EB9253DAC100026B3F6 /* Main.storyboard */; };
		8D8F5EBD253DAC120026B3F6 /* Assets.xcassets in Resources */ = {isa = PBXBuildFile; fileRef = 8D8F5EBC253DAC120026B3F6 /* Assets.xcassets */; };
		8D8F5EC0253DAC120026B3F6 /* LaunchScreen.storyboard in Resources */ = {isa = PBXBuildFile; fileRef = 8D8F5EBE253DAC120026B3F6 /* LaunchScreen.storyboard */; };
/* End PBXBuildFile section */

/* Begin PBXFileReference section */
		8D0946C52540507D003CA55A /* AddLocationViewController.swift */ = {isa = PBXFileReference; lastKnownFileType = sourcecode.swift; path = AddLocationViewController.swift; sourceTree = "<group>"; };
		8D0EC658253EE8E900D097E8 /* LoginRequest.swift */ = {isa = PBXFileReference; lastKnownFileType = sourcecode.swift; path = LoginRequest.swift; sourceTree = "<group>"; };
		8D0EC65A253EEDBD00D097E8 /* LoginResponse.swift */ = {isa = PBXFileReference; lastKnownFileType = sourcecode.swift; path = LoginResponse.swift; sourceTree = "<group>"; };
		8D0EC65C253EF35C00D097E8 /* UdacityAPIHandler.swift */ = {isa = PBXFileReference; lastKnownFileType = sourcecode.swift; path = UdacityAPIHandler.swift; sourceTree = "<group>"; };
		8D0EC65E253EFC6F00D097E8 /* UdacityResponse.swift */ = {isa = PBXFileReference; lastKnownFileType = sourcecode.swift; path = UdacityResponse.swift; sourceTree = "<group>"; };
		8D0EC660253F1A3600D097E8 /* MapViewController.swift */ = {isa = PBXFileReference; lastKnownFileType = sourcecode.swift; path = MapViewController.swift; sourceTree = "<group>"; };
		8D0EC662253F1A4D00D097E8 /* TableViewController.swift */ = {isa = PBXFileReference; lastKnownFileType = sourcecode.swift; path = TableViewController.swift; sourceTree = "<group>"; };
		8D0EC664253F265400D097E8 /* ParseAPIHandler.swift */ = {isa = PBXFileReference; lastKnownFileType = sourcecode.swift; path = ParseAPIHandler.swift; sourceTree = "<group>"; };
		8D0EC666253F298000D097E8 /* StudentInformation.swift */ = {isa = PBXFileReference; lastKnownFileType = sourcecode.swift; path = StudentInformation.swift; sourceTree = "<group>"; };
		8D3A5659253F794500485689 /* TabBarViewController.swift */ = {isa = PBXFileReference; lastKnownFileType = sourcecode.swift; path = TabBarViewController.swift; sourceTree = "<group>"; };
		8D8F5EB2253DAC100026B3F6 /* On the Map.app */ = {isa = PBXFileReference; explicitFileType = wrapper.application; includeInIndex = 0; path = "On the Map.app"; sourceTree = BUILT_PRODUCTS_DIR; };
		8D8F5EB5253DAC100026B3F6 /* AppDelegate.swift */ = {isa = PBXFileReference; lastKnownFileType = sourcecode.swift; path = AppDelegate.swift; sourceTree = "<group>"; };
		8D8F5EB7253DAC100026B3F6 /* LoginViewController.swift */ = {isa = PBXFileReference; lastKnownFileType = sourcecode.swift; path = LoginViewController.swift; sourceTree = "<group>"; };
		8D8F5EBA253DAC100026B3F6 /* Base */ = {isa = PBXFileReference; lastKnownFileType = file.storyboard; name = Base; path = Base.lproj/Main.storyboard; sourceTree = "<group>"; };
		8D8F5EBC253DAC120026B3F6 /* Assets.xcassets */ = {isa = PBXFileReference; lastKnownFileType = folder.assetcatalog; path = Assets.xcassets; sourceTree = "<group>"; };
		8D8F5EBF253DAC120026B3F6 /* Base */ = {isa = PBXFileReference; lastKnownFileType = file.storyboard; name = Base; path = Base.lproj/LaunchScreen.storyboard; sourceTree = "<group>"; };
		8D8F5EC1253DAC120026B3F6 /* Info.plist */ = {isa = PBXFileReference; lastKnownFileType = text.plist.xml; path = Info.plist; sourceTree = "<group>"; };
/* End PBXFileReference section */

/* Begin PBXFrameworksBuildPhase section */
		8D8F5EAF253DAC100026B3F6 /* Frameworks */ = {
			isa = PBXFrameworksBuildPhase;
			buildActionMask = 2147483647;
			files = (
			);
			runOnlyForDeploymentPostprocessing = 0;
		};
/* End PBXFrameworksBuildPhase section */

/* Begin PBXGroup section */
		8D0EC653253EE88B00D097E8 /* Model */ = {
			isa = PBXGroup;
			children = (
				8D0EC669253F2A9D00D097E8 /* Map */,
				8D0EC668253F2A9200D097E8 /* Login */,
			);
			path = Model;
			sourceTree = "<group>";
		};
		8D0EC654253EE89300D097E8 /* Controller */ = {
			isa = PBXGroup;
			children = (
				8D8F5EB7253DAC100026B3F6 /* LoginViewController.swift */,
				8D0EC660253F1A3600D097E8 /* MapViewController.swift */,
				8D0EC662253F1A4D00D097E8 /* TableViewController.swift */,
				8D3A5659253F794500485689 /* TabBarViewController.swift */,
				8D0946C52540507D003CA55A /* AddLocationViewController.swift */,
			);
			path = Controller;
			sourceTree = "<group>";
		};
		8D0EC655253EE89C00D097E8 /* View */ = {
			isa = PBXGroup;
			children = (
				8D8F5EBE253DAC120026B3F6 /* LaunchScreen.storyboard */,
				8D8F5EB9253DAC100026B3F6 /* Main.storyboard */,
			);
			path = View;
			sourceTree = "<group>";
		};
		8D0EC657253EE8AE00D097E8 /* Assets */ = {
			isa = PBXGroup;
			children = (
				8D8F5EBC253DAC120026B3F6 /* Assets.xcassets */,
			);
			path = Assets;
			sourceTree = "<group>";
		};
		8D0EC668253F2A9200D097E8 /* Login */ = {
			isa = PBXGroup;
			children = (
				8D0EC65E253EFC6F00D097E8 /* UdacityResponse.swift */,
				8D0EC65C253EF35C00D097E8 /* UdacityAPIHandler.swift */,
				8D0EC65A253EEDBD00D097E8 /* LoginResponse.swift */,
				8D0EC658253EE8E900D097E8 /* LoginRequest.swift */,
			);
			path = Login;
			sourceTree = "<group>";
		};
		8D0EC669253F2A9D00D097E8 /* Map */ = {
			isa = PBXGroup;
			children = (
				8D0EC666253F298000D097E8 /* StudentInformation.swift */,
				8D0EC664253F265400D097E8 /* ParseAPIHandler.swift */,
			);
			path = Map;
			sourceTree = "<group>";
		};
		8D8F5EA9253DAC100026B3F6 = {
			isa = PBXGroup;
			children = (
				8D8F5EB4253DAC100026B3F6 /* On the Map */,
				8D8F5EB3253DAC100026B3F6 /* Products */,
			);
			sourceTree = "<group>";
		};
		8D8F5EB3253DAC100026B3F6 /* Products */ = {
			isa = PBXGroup;
			children = (
				8D8F5EB2253DAC100026B3F6 /* On the Map.app */,
			);
			name = Products;
			sourceTree = "<group>";
		};
		8D8F5EB4253DAC100026B3F6 /* On the Map */ = {
			isa = PBXGroup;
			children = (
				8D0EC657253EE8AE00D097E8 /* Assets */,
				8D0EC655253EE89C00D097E8 /* View */,
				8D0EC654253EE89300D097E8 /* Controller */,
				8D0EC653253EE88B00D097E8 /* Model */,
				8D8F5EB5253DAC100026B3F6 /* AppDelegate.swift */,
				8D8F5EC1253DAC120026B3F6 /* Info.plist */,
			);
			path = "On the Map";
			sourceTree = "<group>";
		};
/* End PBXGroup section */

/* Begin PBXNativeTarget section */
		8D8F5EB1253DAC100026B3F6 /* On the Map */ = {
			isa = PBXNativeTarget;
			buildConfigurationList = 8D8F5EC4253DAC120026B3F6 /* Build configuration list for PBXNativeTarget "On the Map" */;
			buildPhases = (
				8D8F5EAE253DAC100026B3F6 /* Sources */,
				8D8F5EAF253DAC100026B3F6 /* Frameworks */,
				8D8F5EB0253DAC100026B3F6 /* Resources */,
			);
			buildRules = (
			);
			dependencies = (
			);
			name = "On the Map";
			productName = "On the Map";
			productReference = 8D8F5EB2253DAC100026B3F6 /* On the Map.app */;
			productType = "com.apple.product-type.application";
		};
/* End PBXNativeTarget section */

/* Begin PBXProject section */
		8D8F5EAA253DAC100026B3F6 /* Project object */ = {
			isa = PBXProject;
			attributes = {
				LastSwiftUpdateCheck = 1000;
				LastUpgradeCheck = 1000;
				ORGANIZATIONNAME = "Next Trend";
				TargetAttributes = {
					8D8F5EB1253DAC100026B3F6 = {
						CreatedOnToolsVersion = 10.0;
					};
				};
			};
			buildConfigurationList = 8D8F5EAD253DAC100026B3F6 /* Build configuration list for PBXProject "On the Map" */;
			compatibilityVersion = "Xcode 9.3";
			developmentRegion = en;
			hasScannedForEncodings = 0;
			knownRegions = (
				en,
				Base,
			);
			mainGroup = 8D8F5EA9253DAC100026B3F6;
			productRefGroup = 8D8F5EB3253DAC100026B3F6 /* Products */;
			projectDirPath = "";
			projectRoot = "";
			targets = (
				8D8F5EB1253DAC100026B3F6 /* On the Map */,
			);
		};
/* End PBXProject section */

/* Begin PBXResourcesBuildPhase section */
		8D8F5EB0253DAC100026B3F6 /* Resources */ = {
			isa = PBXResourcesBuildPhase;
			buildActionMask = 2147483647;
			files = (
				8D8F5EC0253DAC120026B3F6 /* LaunchScreen.storyboard in Resources */,
				8D8F5EBD253DAC120026B3F6 /* Assets.xcassets in Resources */,
				8D8F5EBB253DAC100026B3F6 /* Main.storyboard in Resources */,
			);
			runOnlyForDeploymentPostprocessing = 0;
		};
/* End PBXResourcesBuildPhase section */

/* Begin PBXSourcesBuildPhase section */
		8D8F5EAE253DAC100026B3F6 /* Sources */ = {
			isa = PBXSourcesBuildPhase;
			buildActionMask = 2147483647;
			files = (
				8D0EC65D253EF35C00D097E8 /* UdacityAPIHandler.swift in Sources */,
				8D0EC659253EE8E900D097E8 /* LoginRequest.swift in Sources */,
				8D3A565A253F794500485689 /* TabBarViewController.swift in Sources */,
				8D8F5EB8253DAC100026B3F6 /* LoginViewController.swift in Sources */,
				8D0EC667253F298000D097E8 /* StudentInformation.swift in Sources */,
				8D0EC663253F1A4D00D097E8 /* TableViewController.swift in Sources */,
				8D0EC65B253EEDBD00D097E8 /* LoginResponse.swift in Sources */,
				8D0946C62540507D003CA55A /* AddLocationViewController.swift in Sources */,
				8D0EC665253F265400D097E8 /* ParseAPIHandler.swift in Sources */,
				8D0EC65F253EFC6F00D097E8 /* UdacityResponse.swift in Sources */,
				8D8F5EB6253DAC100026B3F6 /* AppDelegate.swift in Sources */,
				8D0EC661253F1A3600D097E8 /* MapViewController.swift in Sources */,
			);
			runOnlyForDeploymentPostprocessing = 0;
		};
/* End PBXSourcesBuildPhase section */

/* Begin PBXVariantGroup section */
		8D8F5EB9253DAC100026B3F6 /* Main.storyboard */ = {
			isa = PBXVariantGroup;
			children = (
				8D8F5EBA253DAC100026B3F6 /* Base */,
			);
			name = Main.storyboard;
			sourceTree = "<group>";
		};
		8D8F5EBE253DAC120026B3F6 /* LaunchScreen.storyboard */ = {
			isa = PBXVariantGroup;
			children = (
				8D8F5EBF253DAC120026B3F6 /* Base */,
			);
			name = LaunchScreen.storyboard;
			sourceTree = "<group>";
		};
/* End PBXVariantGroup section */

/* Begin XCBuildConfiguration section */
		8D8F5EC2253DAC120026B3F6 /* Debug */ = {
			isa = XCBuildConfiguration;
			buildSettings = {
				ALWAYS_SEARCH_USER_PATHS = NO;
				CLANG_ANALYZER_NONNULL = YES;
				CLANG_ANALYZER_NUMBER_OBJECT_CONVERSION = YES_AGGRESSIVE;
				CLANG_CXX_LANGUAGE_STANDARD = "gnu++14";
				CLANG_CXX_LIBRARY = "libc++";
				CLANG_ENABLE_MODULES = YES;
				CLANG_ENABLE_OBJC_ARC = YES;
				CLANG_ENABLE_OBJC_WEAK = YES;
				CLANG_WARN_BLOCK_CAPTURE_AUTORELEASING = YES;
				CLANG_WARN_BOOL_CONVERSION = YES;
				CLANG_WARN_COMMA = YES;
				CLANG_WARN_CONSTANT_CONVERSION = YES;
				CLANG_WARN_DEPRECATED_OBJC_IMPLEMENTATIONS = YES;
				CLANG_WARN_DIRECT_OBJC_ISA_USAGE = YES_ERROR;
				CLANG_WARN_DOCUMENTATION_COMMENTS = YES;
				CLANG_WARN_EMPTY_BODY = YES;
				CLANG_WARN_ENUM_CONVERSION = YES;
				CLANG_WARN_INFINITE_RECURSION = YES;
				CLANG_WARN_INT_CONVERSION = YES;
				CLANG_WARN_NON_LITERAL_NULL_CONVERSION = YES;
				CLANG_WARN_OBJC_IMPLICIT_RETAIN_SELF = YES;
				CLANG_WARN_OBJC_LITERAL_CONVERSION = YES;
				CLANG_WARN_OBJC_ROOT_CLASS = YES_ERROR;
				CLANG_WARN_RANGE_LOOP_ANALYSIS = YES;
				CLANG_WARN_STRICT_PROTOTYPES = YES;
				CLANG_WARN_SUSPICIOUS_MOVE = YES;
				CLANG_WARN_UNGUARDED_AVAILABILITY = YES_AGGRESSIVE;
				CLANG_WARN_UNREACHABLE_CODE = YES;
				CLANG_WARN__DUPLICATE_METHOD_MATCH = YES;
				CODE_SIGN_IDENTITY = "iPhone Developer";
				COPY_PHASE_STRIP = NO;
				DEBUG_INFORMATION_FORMAT = dwarf;
				ENABLE_STRICT_OBJC_MSGSEND = YES;
				ENABLE_TESTABILITY = YES;
				GCC_C_LANGUAGE_STANDARD = gnu11;
				GCC_DYNAMIC_NO_PIC = NO;
				GCC_NO_COMMON_BLOCKS = YES;
				GCC_OPTIMIZATION_LEVEL = 0;
				GCC_PREPROCESSOR_DEFINITIONS = (
					"DEBUG=1",
					"$(inherited)",
				);
				GCC_WARN_64_TO_32_BIT_CONVERSION = YES;
				GCC_WARN_ABOUT_RETURN_TYPE = YES_ERROR;
				GCC_WARN_UNDECLARED_SELECTOR = YES;
				GCC_WARN_UNINITIALIZED_AUTOS = YES_AGGRESSIVE;
				GCC_WARN_UNUSED_FUNCTION = YES;
				GCC_WARN_UNUSED_VARIABLE = YES;
				IPHONEOS_DEPLOYMENT_TARGET = 12.0;
				MTL_ENABLE_DEBUG_INFO = INCLUDE_SOURCE;
				MTL_FAST_MATH = YES;
				ONLY_ACTIVE_ARCH = YES;
				SDKROOT = iphoneos;
				SWIFT_ACTIVE_COMPILATION_CONDITIONS = DEBUG;
				SWIFT_OPTIMIZATION_LEVEL = "-Onone";
			};
			name = Debug;
		};
		8D8F5EC3253DAC120026B3F6 /* Release */ = {
			isa = XCBuildConfiguration;
			buildSettings = {
				ALWAYS_SEARCH_USER_PATHS = NO;
				CLANG_ANALYZER_NONNULL = YES;
				CLANG_ANALYZER_NUMBER_OBJECT_CONVERSION = YES_AGGRESSIVE;
				CLANG_CXX_LANGUAGE_STANDARD = "gnu++14";
				CLANG_CXX_LIBRARY = "libc++";
				CLANG_ENABLE_MODULES = YES;
				CLANG_ENABLE_OBJC_ARC = YES;
				CLANG_ENABLE_OBJC_WEAK = YES;
				CLANG_WARN_BLOCK_CAPTURE_AUTORELEASING = YES;
				CLANG_WARN_BOOL_CONVERSION = YES;
				CLANG_WARN_COMMA = YES;
				CLANG_WARN_CONSTANT_CONVERSION = YES;
				CLANG_WARN_DEPRECATED_OBJC_IMPLEMENTATIONS = YES;
				CLANG_WARN_DIRECT_OBJC_ISA_USAGE = YES_ERROR;
				CLANG_WARN_DOCUMENTATION_COMMENTS = YES;
				CLANG_WARN_EMPTY_BODY = YES;
				CLANG_WARN_ENUM_CONVERSION = YES;
				CLANG_WARN_INFINITE_RECURSION = YES;
				CLANG_WARN_INT_CONVERSION = YES;
				CLANG_WARN_NON_LITERAL_NULL_CONVERSION = YES;
				CLANG_WARN_OBJC_IMPLICIT_RETAIN_SELF = YES;
				CLANG_WARN_OBJC_LITERAL_CONVERSION = YES;
				CLANG_WARN_OBJC_ROOT_CLASS = YES_ERROR;
				CLANG_WARN_RANGE_LOOP_ANALYSIS = YES;
				CLANG_WARN_STRICT_PROTOTYPES = YES;
				CLANG_WARN_SUSPICIOUS_MOVE = YES;
				CLANG_WARN_UNGUARDED_AVAILABILITY = YES_AGGRESSIVE;
				CLANG_WARN_UNREACHABLE_CODE = YES;
				CLANG_WARN__DUPLICATE_METHOD_MATCH = YES;
				CODE_SIGN_IDENTITY = "iPhone Developer";
				COPY_PHASE_STRIP = NO;
				DEBUG_INFORMATION_FORMAT = "dwarf-with-dsym";
				ENABLE_NS_ASSERTIONS = NO;
				ENABLE_STRICT_OBJC_MSGSEND = YES;
				GCC_C_LANGUAGE_STANDARD = gnu11;
				GCC_NO_COMMON_BLOCKS = YES;
				GCC_WARN_64_TO_32_BIT_CONVERSION = YES;
				GCC_WARN_ABOUT_RETURN_TYPE = YES_ERROR;
				GCC_WARN_UNDECLARED_SELECTOR = YES;
				GCC_WARN_UNINITIALIZED_AUTOS = YES_AGGRESSIVE;
				GCC_WARN_UNUSED_FUNCTION = YES;
				GCC_WARN_UNUSED_VARIABLE = YES;
				IPHONEOS_DEPLOYMENT_TARGET = 12.0;
				MTL_ENABLE_DEBUG_INFO = NO;
				MTL_FAST_MATH = YES;
				SDKROOT = iphoneos;
				SWIFT_COMPILATION_MODE = wholemodule;
				SWIFT_OPTIMIZATION_LEVEL = "-O";
				VALIDATE_PRODUCT = YES;
			};
			name = Release;
		};
		8D8F5EC5253DAC120026B3F6 /* Debug */ = {
			isa = XCBuildConfiguration;
			buildSettings = {
				ASSETCATALOG_COMPILER_APPICON_NAME = AppIcon;
				CODE_SIGN_STYLE = Automatic;
				INFOPLIST_FILE = "On the Map/Info.plist";
				LD_RUNPATH_SEARCH_PATHS = (
					"$(inherited)",
					"@executable_path/Frameworks",
				);
				PRODUCT_BUNDLE_IDENTIFIER = "com.maad.On-the-Map";
				PRODUCT_NAME = "$(TARGET_NAME)";
				SWIFT_VERSION = 4.2;
				TARGETED_DEVICE_FAMILY = "1,2";
			};
			name = Debug;
		};
		8D8F5EC6253DAC120026B3F6 /* Release */ = {
			isa = XCBuildConfiguration;
			buildSettings = {
				ASSETCATALOG_COMPILER_APPICON_NAME = AppIcon;
				CODE_SIGN_STYLE = Automatic;
				INFOPLIST_FILE = "On the Map/Info.plist";
				LD_RUNPATH_SEARCH_PATHS = (
					"$(inherited)",
					"@executable_path/Frameworks",
				);
				PRODUCT_BUNDLE_IDENTIFIER = "com.maad.On-the-Map";
				PRODUCT_NAME = "$(TARGET_NAME)";
				SWIFT_VERSION = 4.2;
				TARGETED_DEVICE_FAMILY = "1,2";
			};
			name = Release;
		};
/* End XCBuildConfiguration section */

/* Begin XCConfigurationList section */
		8D8F5EAD253DAC100026B3F6 /* Build configuration list for PBXProject "On the Map" */ = {
			isa = XCConfigurationList;
			buildConfigurations = (
				8D8F5EC2253DAC120026B3F6 /* Debug */,
				8D8F5EC3253DAC120026B3F6 /* Release */,
			);
			defaultConfigurationIsVisible = 0;
			defaultConfigurationName = Release;
		};
		8D8F5EC4253DAC120026B3F6 /* Build configuration list for PBXNativeTarget "On the Map" */ = {
			isa = XCConfigurationList;
			buildConfigurations = (
				8D8F5EC5253DAC120026B3F6 /* Debug */,
				8D8F5EC6253DAC120026B3F6 /* Release */,
			);
			defaultConfigurationIsVisible = 0;
			defaultConfigurationName = Release;
		};
/* End XCConfigurationList section */
	};
	rootObject = 8D8F5EAA253DAC100026B3F6 /* Project object */;
}
